
Microsoft Visual Studio Solution File, Format Version 12.00
# Visual Studio 15
VisualStudioVersion = 15.0.28307.421
MinimumVisualStudioVersion = 10.0.40219.1
Project("{FAE04EC0-301F-11D3-BF4B-00C04F79EFBC}") = "SmartCity", "SmartCity\SmartCity.csproj", "{15A1FC97-CEFF-4C7D-902A-82366C20BE07}"
EndProject
Global
	GlobalSection(SolutionConfigurationPlatforms) = preSolution
		Debug|Any CPU = Debug|Any CPU
		Release|Any CPU = Release|Any CPU
	EndGlobalSection
	GlobalSection(ProjectConfigurationPlatforms) = postSolution
		{15A1FC97-CEFF-4C7D-902A-82366C20BE07}.Debug|Any CPU.ActiveCfg = Debug|Any CPU
		{15A1FC97-CEFF-4C7D-902A-82366C20BE07}.Debug|Any CPU.Build.0 = Debug|Any CPU
		{15A1FC97-CEFF-4C7D-902A-82366C20BE07}.Release|Any CPU.ActiveCfg = Release|Any CPU
		{15A1FC97-CEFF-4C7D-902A-82366C20BE07}.Release|Any CPU.Build.0 = Release|Any CPU
	EndGlobalSection
	GlobalSection(SolutionProperties) = preSolution
		HideSolutionNode = FALSE
	EndGlobalSection
	GlobalSection(ExtensibilityGlobals) = postSolution
		SolutionGuid = {51EAFAD5-27AE-4E7E-930C-FED8DA427C1C}
	EndGlobalSection
EndGlobal
